
Microsoft Visual Studio Solution File, Format Version 12.00
# Visual Studio Version 16
VisualStudioVersion = 16.0.31501.217
MinimumVisualStudioVersion = 10.0.40219.1
Project("{FAE04EC0-301F-11D3-BF4B-00C04F79EFBC}") = "StudentWebApI", "StudentWebApI\StudentWebApI.csproj", "{FEB8A378-5B6B-4DE1-9F8C-8A1805BB102A}"
EndProject
Global
	GlobalSection(SolutionConfigurationPlatforms) = preSolution
		Debug|Any CPU = Debug|Any CPU
		Release|Any CPU = Release|Any CPU
	EndGlobalSection
	GlobalSection(ProjectConfigurationPlatforms) = postSolution
		{FEB8A378-5B6B-4DE1-9F8C-8A1805BB102A}.Debug|Any CPU.ActiveCfg = Debug|Any CPU
		{FEB8A378-5B6B-4DE1-9F8C-8A1805BB102A}.Debug|Any CPU.Build.0 = Debug|Any CPU
		{FEB8A378-5B6B-4DE1-9F8C-8A1805BB102A}.Release|Any CPU.ActiveCfg = Release|Any CPU
		{FEB8A378-5B6B-4DE1-9F8C-8A1805BB102A}.Release|Any CPU.Build.0 = Release|Any CPU
	EndGlobalSection
	GlobalSection(SolutionProperties) = preSolution
		HideSolutionNode = FALSE
	EndGlobalSection
	GlobalSection(ExtensibilityGlobals) = postSolution
		SolutionGuid = {564A3657-51DE-4EF5-ADC2-AB6687441704}
	EndGlobalSection
EndGlobal
